
Microsoft Visual Studio Solution File, Format Version 12.00
# Visual Studio Version 17
VisualStudioVersion = 17.7.34031.279
MinimumVisualStudioVersion = 10.0.40219.1
Project("{FAE04EC0-301F-11D3-BF4B-00C04F79EFBC}") = "lab1", "lab1\lab1.csproj", "{ADDA9FF7-61DA-42F8-BCF5-4901EAA54D89}"
EndProject
Project("{FAE04EC0-301F-11D3-BF4B-00C04F79EFBC}") = "lab2", "lab_2\lab2.csproj", "{B0ADB146-8809-4CD2-AF5E-506396B45669}"
EndProject
Project("{FAE04EC0-301F-11D3-BF4B-00C04F79EFBC}") = "lab3", "lab3\lab3.csproj", "{03038390-AC87-40E9-B6D6-DC33C03100EB}"
EndProject
Project("{FAE04EC0-301F-11D3-BF4B-00C04F79EFBC}") = "lab4", "lab4\lab4.csproj", "{FEEE80DD-4891-4F4F-8B7E-EC08BFD89589}"
EndProject
Project("{FAE04EC0-301F-11D3-BF4B-00C04F79EFBC}") = "lab5", "lab5\lab5.csproj", "{993BE5F7-243D-4A39-8397-314CDFDDF818}"
EndProject
Global
	GlobalSection(SolutionConfigurationPlatforms) = preSolution
		Debug|Any CPU = Debug|Any CPU
		Release|Any CPU = Release|Any CPU
	EndGlobalSection
	GlobalSection(ProjectConfigurationPlatforms) = postSolution
		{ADDA9FF7-61DA-42F8-BCF5-4901EAA54D89}.Debug|Any CPU.ActiveCfg = Debug|Any CPU
		{ADDA9FF7-61DA-42F8-BCF5-4901EAA54D89}.Debug|Any CPU.Build.0 = Debug|Any CPU
		{ADDA9FF7-61DA-42F8-BCF5-4901EAA54D89}.Release|Any CPU.ActiveCfg = Release|Any CPU
		{ADDA9FF7-61DA-42F8-BCF5-4901EAA54D89}.Release|Any CPU.Build.0 = Release|Any CPU
		{B0ADB146-8809-4CD2-AF5E-506396B45669}.Debug|Any CPU.ActiveCfg = Debug|Any CPU
		{B0ADB146-8809-4CD2-AF5E-506396B45669}.Debug|Any CPU.Build.0 = Debug|Any CPU
		{B0ADB146-8809-4CD2-AF5E-506396B45669}.Release|Any CPU.ActiveCfg = Release|Any CPU
		{B0ADB146-8809-4CD2-AF5E-506396B45669}.Release|Any CPU.Build.0 = Release|Any CPU
		{03038390-AC87-40E9-B6D6-DC33C03100EB}.Debug|Any CPU.ActiveCfg = Debug|Any CPU
		{03038390-AC87-40E9-B6D6-DC33C03100EB}.Debug|Any CPU.Build.0 = Debug|Any CPU
		{03038390-AC87-40E9-B6D6-DC33C03100EB}.Release|Any CPU.ActiveCfg = Release|Any CPU
		{03038390-AC87-40E9-B6D6-DC33C03100EB}.Release|Any CPU.Build.0 = Release|Any CPU
		{FEEE80DD-4891-4F4F-8B7E-EC08BFD89589}.Debug|Any CPU.ActiveCfg = Debug|Any CPU
		{FEEE80DD-4891-4F4F-8B7E-EC08BFD89589}.Debug|Any CPU.Build.0 = Debug|Any CPU
		{FEEE80DD-4891-4F4F-8B7E-EC08BFD89589}.Release|Any CPU.ActiveCfg = Release|Any CPU
		{FEEE80DD-4891-4F4F-8B7E-EC08BFD89589}.Release|Any CPU.Build.0 = Release|Any CPU
		{993BE5F7-243D-4A39-8397-314CDFDDF818}.Debug|Any CPU.ActiveCfg = Debug|Any CPU
		{993BE5F7-243D-4A39-8397-314CDFDDF818}.Debug|Any CPU.Build.0 = Debug|Any CPU
		{993BE5F7-243D-4A39-8397-314CDFDDF818}.Release|Any CPU.ActiveCfg = Release|Any CPU
		{993BE5F7-243D-4A39-8397-314CDFDDF818}.Release|Any CPU.Build.0 = Release|Any CPU
	EndGlobalSection
	GlobalSection(SolutionProperties) = preSolution
		HideSolutionNode = FALSE
	EndGlobalSection
	GlobalSection(ExtensibilityGlobals) = postSolution
		SolutionGuid = {B5E0251D-7FDD-49F9-B1FE-B838161D8EBD}
	EndGlobalSection
EndGlobal
